<?xml version="1.0" encoding="utf-8"?>
<Project ToolsVersion="4.0" xmlns="http://schemas.microsoft.com/developer/msbuild/2003">
  <ItemGroup>
    <Filter Include="소스 파일">
      <UniqueIdentifier>{4FC737F1-C7A5-4376-A066-2A32D752A2FF}</UniqueIdentifier>
      <Extensions>cpp;c;cc;cxx;c++;cppm;ixx;def;odl;idl;hpj;bat;asm;asmx</Extensions>
    </Filter>
    <Filter Include="헤더 파일">
      <UniqueIdentifier>{93995380-89BD-4b04-88EB-625FBE52EBFB}</UniqueIdentifier>
      <Extensions>h;hh;hpp;hxx;h++;hm;inl;inc;ipp;xsd</Extensions>
    </Filter>
    <Filter Include="리소스 파일">
      <UniqueIdentifier>{67DA6AB6-F800-4c08-8B7A-83BB121AAD01}</UniqueIdentifier>
      <Extensions>rc;ico;cur;bmp;dlg;rc2;rct;bin;rgs;gif;jpg;jpeg;jpe;resx;tiff;tif;png;wav;mfcribbon-ms</Extensions>
    </Filter>
    <Filter Include="소스 파일\Chapter02">
      <UniqueIdentifier>{22caa13c-bc98-4009-b84d-609629efdd1e}</UniqueIdentifier>
    </Filter>
    <Filter Include="소스 파일\Chapter03">
      <UniqueIdentifier>{f6cbf3e6-cb9b-40a2-80d6-ef1d553c8d11}</UniqueIdentifier>
    </Filter>
    <Filter Include="소스 파일\Chapter01">
      <UniqueIdentifier>{e82164ce-cad4-4a97-aef1-61c1770998b9}</UniqueIdentifier>
    </Filter>
    <Filter Include="소스 파일\Chapter04">
      <UniqueIdentifier>{6f1b864a-77c6-4057-90f4-7e257d9633db}</UniqueIdentifier>
    </Filter>
    <Filter Include="소스 파일\Chapter05">
      <UniqueIdentifier>{1e2cf519-efd2-4015-bdca-d530de6f00ae}</UniqueIdentifier>
    </Filter>
    <Filter Include="소스 파일\Chapter06">
      <UniqueIdentifier>{bc5946e5-0183-4e55-9017-2da8cb398ca2}</UniqueIdentifier>
    </Filter>
  </ItemGroup>
  <ItemGroup>
    <ClCompile Include="LinearSearch.c">
      <Filter>소스 파일\Chapter01</Filter>
    </ClCompile>
    <ClCompile Include="BinarySearch.c">
      <Filter>소스 파일\Chapter01</Filter>
    </ClCompile>
    <ClCompile Include="BSWorstOpCount.c">
      <Filter>소스 파일\Chapter01</Filter>
    </ClCompile>
    <ClCompile Include="RecursiveFunc.c">
      <Filter>소스 파일\Chapter02</Filter>
    </ClCompile>
    <ClCompile Include="RecursiveFactorial.c">
      <Filter>소스 파일\Chapter02</Filter>
    </ClCompile>
    <ClCompile Include="FibonacciFunc.c">
      <Filter>소스 파일\Chapter02</Filter>
    </ClCompile>
    <ClCompile Include="RecursiveBinarySearch.c">
      <Filter>소스 파일\Chapter02</Filter>
    </ClCompile>
    <ClCompile Include="HanoiTowerSolu.c">
      <Filter>소스 파일\Chapter02</Filter>
    </ClCompile>
    <ClCompile Include="ListMain.c">
      <Filter>소스 파일\Chapter03</Filter>
    </ClCompile>
    <ClCompile Include="ArrayList.c">
      <Filter>소스 파일\Chapter03</Filter>
    </ClCompile>
    <ClCompile Include="Point.c">
      <Filter>소스 파일\Chapter03</Filter>
    </ClCompile>
    <ClCompile Include="ArrayRead.c">
      <Filter>소스 파일\Chapter04</Filter>
    </ClCompile>
    <ClCompile Include="LinkedRead.c">
      <Filter>소스 파일\Chapter04</Filter>
    </ClCompile>
    <ClCompile Include="4-1.c">
      <Filter>소스 파일\Chapter04</Filter>
    </ClCompile>
    <ClCompile Include="4-2.c">
      <Filter>소스 파일\Chapter04</Filter>
    </ClCompile>
    <ClCompile Include="DLinkedList.c">
      <Filter>소스 파일\Chapter04</Filter>
    </ClCompile>
    <ClCompile Include="DLinkedListSortMain.c">
      <Filter>소스 파일\Chapter04</Filter>
    </ClCompile>
    <ClCompile Include="CLinkedList.c">
      <Filter>소스 파일\Chapter05</Filter>
    </ClCompile>
    <ClCompile Include="CLinkedListMain.c">
      <Filter>소스 파일\Chapter05</Filter>
    </ClCompile>
    <ClCompile Include="DBLinkedListMain.c">
      <Filter>소스 파일\Chapter05</Filter>
    </ClCompile>
    <ClCompile Include="DBLinkedList.c">
      <Filter>소스 파일\Chapter05</Filter>
    </ClCompile>
    <ClCompile Include="ArrayBaseStack.c">
      <Filter>소스 파일\Chapter06</Filter>
    </ClCompile>
    <ClCompile Include="ArrayBaseStackMain.c">
      <Filter>소스 파일\Chapter06</Filter>
    </ClCompile>
    <ClCompile Include="ListBaseStack.c">
      <Filter>소스 파일\Chapter06</Filter>
    </ClCompile>
    <ClCompile Include="CLLbaseStack.c">
      <Filter>소스 파일\Chapter06</Filter>
    </ClCompile>
    <ClCompile Include="InfixToPostfix.c">
      <Filter>소스 파일\Chapter06</Filter>
    </ClCompile>
    <ClCompile Include="PostCalculator.c">
      <Filter>소스 파일\Chapter06</Filter>
    </ClCompile>
    <ClCompile Include="InfixCalculator.c">
      <Filter>소스 파일\Chapter06</Filter>
    </ClCompile>
  </ItemGroup>
  <ItemGroup>
    <ClInclude Include="ArrayList.h">
      <Filter>헤더 파일</Filter>
    </ClInclude>
    <ClInclude Include="Point.h">
      <Filter>헤더 파일</Filter>
    </ClInclude>
    <ClInclude Include="NameCard.h">
      <Filter>헤더 파일</Filter>
    </ClInclude>
    <ClInclude Include="DLinkedList.h">
      <Filter>헤더 파일</Filter>
    </ClInclude>
    <ClInclude Include="CLinkedList.h">
      <Filter>헤더 파일</Filter>
    </ClInclude>
    <ClInclude Include="DBLinkedList.h">
      <Filter>헤더 파일</Filter>
    </ClInclude>
    <ClInclude Include="ArrayBaseStack.h">
      <Filter>헤더 파일</Filter>
    </ClInclude>
    <ClInclude Include="ListBaseStack.h">
      <Filter>헤더 파일</Filter>
    </ClInclude>
    <ClInclude Include="CLLbaseStack.h">
      <Filter>헤더 파일</Filter>
    </ClInclude>
    <ClInclude Include="InfixToPostfix.h">
      <Filter>헤더 파일</Filter>
    </ClInclude>
    <ClInclude Include="PostCalculator.h">
      <Filter>헤더 파일</Filter>
    </ClInclude>
    <ClInclude Include="InfixCalculator.h">
      <Filter>헤더 파일</Filter>
    </ClInclude>
  </ItemGroup>
</Project>